
Microsoft Visual Studio Solution File, Format Version 12.00
# Visual Studio 14
VisualStudioVersion = 14.0.24720.0
MinimumVisualStudioVersion = 10.0.40219.1
Project("{FAE04EC0-301F-11D3-BF4B-00C04F79EFBC}") = "CollegeConnected", "CollegeConnected\CollegeConnected.csproj", "{D53423CA-46DE-4395-A249-358104024D08}"
EndProject
Project("{00D1A9C2-B5F0-4AF3-8072-F6C62B433612}") = "CCDB", "CCDB\CCDB.sqlproj", "{4608A72F-B1E7-4896-B995-EB37A5F2D552}"
EndProject
Global
	GlobalSection(SolutionConfigurationPlatforms) = preSolution
		Debug|Any CPU = Debug|Any CPU
		Release|Any CPU = Release|Any CPU
	EndGlobalSection
	GlobalSection(ProjectConfigurationPlatforms) = postSolution
		{D53423CA-46DE-4395-A249-358104024D08}.Debug|Any CPU.ActiveCfg = Debug|Any CPU
		{D53423CA-46DE-4395-A249-358104024D08}.Debug|Any CPU.Build.0 = Debug|Any CPU
		{D53423CA-46DE-4395-A249-358104024D08}.Release|Any CPU.ActiveCfg = Release|Any CPU
		{D53423CA-46DE-4395-A249-358104024D08}.Release|Any CPU.Build.0 = Release|Any CPU
		{4608A72F-B1E7-4896-B995-EB37A5F2D552}.Debug|Any CPU.ActiveCfg = Debug|Any CPU
		{4608A72F-B1E7-4896-B995-EB37A5F2D552}.Debug|Any CPU.Build.0 = Debug|Any CPU
		{4608A72F-B1E7-4896-B995-EB37A5F2D552}.Debug|Any CPU.Deploy.0 = Debug|Any CPU
		{4608A72F-B1E7-4896-B995-EB37A5F2D552}.Release|Any CPU.ActiveCfg = Release|Any CPU
		{4608A72F-B1E7-4896-B995-EB37A5F2D552}.Release|Any CPU.Build.0 = Release|Any CPU
		{4608A72F-B1E7-4896-B995-EB37A5F2D552}.Release|Any CPU.Deploy.0 = Release|Any CPU
	EndGlobalSection
	GlobalSection(SolutionProperties) = preSolution
		HideSolutionNode = FALSE
	EndGlobalSection
EndGlobal
